
Microsoft Visual Studio Solution File, Format Version 12.00
Project("{FAE04EC0-301F-11D3-BF4B-00C04F79EFBC}") = "Lab1", "Lab1\Lab1.csproj", "{FD408E8B-5865-4C3B-BEDC-BDDEED7B7537}"
EndProject
Global
	GlobalSection(SolutionConfigurationPlatforms) = preSolution
		Debug|Any CPU = Debug|Any CPU
		Release|Any CPU = Release|Any CPU
	EndGlobalSection
	GlobalSection(ProjectConfigurationPlatforms) = postSolution
		{FD408E8B-5865-4C3B-BEDC-BDDEED7B7537}.Debug|Any CPU.ActiveCfg = Debug|Any CPU
		{FD408E8B-5865-4C3B-BEDC-BDDEED7B7537}.Debug|Any CPU.Build.0 = Debug|Any CPU
		{FD408E8B-5865-4C3B-BEDC-BDDEED7B7537}.Release|Any CPU.ActiveCfg = Release|Any CPU
		{FD408E8B-5865-4C3B-BEDC-BDDEED7B7537}.Release|Any CPU.Build.0 = Release|Any CPU
	EndGlobalSection
EndGlobal
